
Microsoft Visual Studio Solution File, Format Version 12.00
# Visual Studio Version 17
VisualStudioVersion = 17.7.34009.444
MinimumVisualStudioVersion = 10.0.40219.1
Project("{9A19103F-16F7-4668-BE54-9A1E7A4F7556}") = "01.DayOfWeek", "01.DayOfWeek\01.DayOfWeek.csproj", "{A8F21999-CDC1-4119-BFB6-B2F1C495A8B6}"
EndProject
Project("{9A19103F-16F7-4668-BE54-9A1E7A4F7556}") = "02.SumAnArray", "02.SumAnArray\02.SumAnArray.csproj", "{4D6742E6-F273-45F6-987C-435497C694EC}"
EndProject
Project("{9A19103F-16F7-4668-BE54-9A1E7A4F7556}") = "03.ReverseAnArray", "03.ReverseAnArray\03.ReverseAnArray.csproj", "{9E8DFCA0-FA3F-4883-8416-3F16CC31BDDF}"
EndProject
Project("{FAE04EC0-301F-11D3-BF4B-00C04F79EFBC}") = "04.EvenAndOddSubtraction", "04.EvenAndOddSubtraction\04.EvenAndOddSubtraction.csproj", "{F4DB6403-67F5-4092-B73C-B07F916F158A}"
EndProject
Project("{FAE04EC0-301F-11D3-BF4B-00C04F79EFBC}") = "05.EqualArrays", "05.EqualArrays\05.EqualArrays.csproj", "{B8024D91-D507-4AC3-B03D-A976A1B841FF}"
EndProject
Project("{FAE04EC0-301F-11D3-BF4B-00C04F79EFBC}") = "06.CommonElements", "06.CommonElements\06.CommonElements.csproj", "{87BE7470-5143-46D5-BDA5-3DCA19D383F6}"
EndProject
Project("{FAE04EC0-301F-11D3-BF4B-00C04F79EFBC}") = "11.ChangeList", "11.ChangeList\11.ChangeList.csproj", "{49181D67-EA7A-49FF-9620-47778695D3EF}"
EndProject
Project("{FAE04EC0-301F-11D3-BF4B-00C04F79EFBC}") = "12.ListOfProducts", "12.ListOfProducts\12.ListOfProducts.csproj", "{F062E9A1-5265-4F25-99EB-62BA18249B1D}"
EndProject
Project("{FAE04EC0-301F-11D3-BF4B-00C04F79EFBC}") = "13.RemoveNegativesAndReverse", "13.RemoveNegativesAndReverse\13.RemoveNegativesAndReverse.csproj", "{4BF8C41F-2113-4749-A17E-E0CADF61E63B}"
EndProject
Project("{FAE04EC0-301F-11D3-BF4B-00C04F79EFBC}") = "14.ListManipulationBasics", "14.ListManipulationBasics\14.ListManipulationBasics.csproj", "{6D6955CD-3055-4DD3-9656-EAFAAAF7E37D}"
EndProject
Project("{FAE04EC0-301F-11D3-BF4B-00C04F79EFBC}") = "15.ListManipulationAdvanced", "15.ListManipulationAdvanced\15.ListManipulationAdvanced.csproj", "{B6E9CDEA-AA04-40FE-A962-66FBBED38B64}"
EndProject
Global
	GlobalSection(SolutionConfigurationPlatforms) = preSolution
		Debug|Any CPU = Debug|Any CPU
		Release|Any CPU = Release|Any CPU
	EndGlobalSection
	GlobalSection(ProjectConfigurationPlatforms) = postSolution
		{A8F21999-CDC1-4119-BFB6-B2F1C495A8B6}.Debug|Any CPU.ActiveCfg = Debug|Any CPU
		{A8F21999-CDC1-4119-BFB6-B2F1C495A8B6}.Debug|Any CPU.Build.0 = Debug|Any CPU
		{A8F21999-CDC1-4119-BFB6-B2F1C495A8B6}.Release|Any CPU.ActiveCfg = Release|Any CPU
		{A8F21999-CDC1-4119-BFB6-B2F1C495A8B6}.Release|Any CPU.Build.0 = Release|Any CPU
		{4D6742E6-F273-45F6-987C-435497C694EC}.Debug|Any CPU.ActiveCfg = Debug|Any CPU
		{4D6742E6-F273-45F6-987C-435497C694EC}.Debug|Any CPU.Build.0 = Debug|Any CPU
		{4D6742E6-F273-45F6-987C-435497C694EC}.Release|Any CPU.ActiveCfg = Release|Any CPU
		{4D6742E6-F273-45F6-987C-435497C694EC}.Release|Any CPU.Build.0 = Release|Any CPU
		{9E8DFCA0-FA3F-4883-8416-3F16CC31BDDF}.Debug|Any CPU.ActiveCfg = Debug|Any CPU
		{9E8DFCA0-FA3F-4883-8416-3F16CC31BDDF}.Debug|Any CPU.Build.0 = Debug|Any CPU
		{9E8DFCA0-FA3F-4883-8416-3F16CC31BDDF}.Release|Any CPU.ActiveCfg = Release|Any CPU
		{9E8DFCA0-FA3F-4883-8416-3F16CC31BDDF}.Release|Any CPU.Build.0 = Release|Any CPU
		{F4DB6403-67F5-4092-B73C-B07F916F158A}.Debug|Any CPU.ActiveCfg = Debug|Any CPU
		{F4DB6403-67F5-4092-B73C-B07F916F158A}.Debug|Any CPU.Build.0 = Debug|Any CPU
		{F4DB6403-67F5-4092-B73C-B07F916F158A}.Release|Any CPU.ActiveCfg = Release|Any CPU
		{F4DB6403-67F5-4092-B73C-B07F916F158A}.Release|Any CPU.Build.0 = Release|Any CPU
		{B8024D91-D507-4AC3-B03D-A976A1B841FF}.Debug|Any CPU.ActiveCfg = Debug|Any CPU
		{B8024D91-D507-4AC3-B03D-A976A1B841FF}.Debug|Any CPU.Build.0 = Debug|Any CPU
		{B8024D91-D507-4AC3-B03D-A976A1B841FF}.Release|Any CPU.ActiveCfg = Release|Any CPU
		{B8024D91-D507-4AC3-B03D-A976A1B841FF}.Release|Any CPU.Build.0 = Release|Any CPU
		{87BE7470-5143-46D5-BDA5-3DCA19D383F6}.Debug|Any CPU.ActiveCfg = Debug|Any CPU
		{87BE7470-5143-46D5-BDA5-3DCA19D383F6}.Debug|Any CPU.Build.0 = Debug|Any CPU
		{87BE7470-5143-46D5-BDA5-3DCA19D383F6}.Release|Any CPU.ActiveCfg = Release|Any CPU
		{87BE7470-5143-46D5-BDA5-3DCA19D383F6}.Release|Any CPU.Build.0 = Release|Any CPU
		{49181D67-EA7A-49FF-9620-47778695D3EF}.Debug|Any CPU.ActiveCfg = Debug|Any CPU
		{49181D67-EA7A-49FF-9620-47778695D3EF}.Debug|Any CPU.Build.0 = Debug|Any CPU
		{49181D67-EA7A-49FF-9620-47778695D3EF}.Release|Any CPU.ActiveCfg = Release|Any CPU
		{49181D67-EA7A-49FF-9620-47778695D3EF}.Release|Any CPU.Build.0 = Release|Any CPU
		{F062E9A1-5265-4F25-99EB-62BA18249B1D}.Debug|Any CPU.ActiveCfg = Debug|Any CPU
		{F062E9A1-5265-4F25-99EB-62BA18249B1D}.Debug|Any CPU.Build.0 = Debug|Any CPU
		{F062E9A1-5265-4F25-99EB-62BA18249B1D}.Release|Any CPU.ActiveCfg = Release|Any CPU
		{F062E9A1-5265-4F25-99EB-62BA18249B1D}.Release|Any CPU.Build.0 = Release|Any CPU
		{4BF8C41F-2113-4749-A17E-E0CADF61E63B}.Debug|Any CPU.ActiveCfg = Debug|Any CPU
		{4BF8C41F-2113-4749-A17E-E0CADF61E63B}.Debug|Any CPU.Build.0 = Debug|Any CPU
		{4BF8C41F-2113-4749-A17E-E0CADF61E63B}.Release|Any CPU.ActiveCfg = Release|Any CPU
		{4BF8C41F-2113-4749-A17E-E0CADF61E63B}.Release|Any CPU.Build.0 = Release|Any CPU
		{6D6955CD-3055-4DD3-9656-EAFAAAF7E37D}.Debug|Any CPU.ActiveCfg = Debug|Any CPU
		{6D6955CD-3055-4DD3-9656-EAFAAAF7E37D}.Debug|Any CPU.Build.0 = Debug|Any CPU
		{6D6955CD-3055-4DD3-9656-EAFAAAF7E37D}.Release|Any CPU.ActiveCfg = Release|Any CPU
		{6D6955CD-3055-4DD3-9656-EAFAAAF7E37D}.Release|Any CPU.Build.0 = Release|Any CPU
		{B6E9CDEA-AA04-40FE-A962-66FBBED38B64}.Debug|Any CPU.ActiveCfg = Debug|Any CPU
		{B6E9CDEA-AA04-40FE-A962-66FBBED38B64}.Debug|Any CPU.Build.0 = Debug|Any CPU
		{B6E9CDEA-AA04-40FE-A962-66FBBED38B64}.Release|Any CPU.ActiveCfg = Release|Any CPU
		{B6E9CDEA-AA04-40FE-A962-66FBBED38B64}.Release|Any CPU.Build.0 = Release|Any CPU
	EndGlobalSection
	GlobalSection(SolutionProperties) = preSolution
		HideSolutionNode = FALSE
	EndGlobalSection
	GlobalSection(ExtensibilityGlobals) = postSolution
		SolutionGuid = {C04A57F5-1CE5-48CA-A263-FEC349611396}
	EndGlobalSection
EndGlobal
