
Microsoft Visual Studio Solution File, Format Version 12.00
# Visual Studio Version 17
VisualStudioVersion = 17.7.34009.444
MinimumVisualStudioVersion = 10.0.40219.1
Project("{9A19103F-16F7-4668-BE54-9A1E7A4F7556}") = "01.DayOfWeek", "01.DayOfWeek\01.DayOfWeek.csproj", "{A8F21999-CDC1-4119-BFB6-B2F1C495A8B6}"
EndProject
Project("{9A19103F-16F7-4668-BE54-9A1E7A4F7556}") = "02.SumAnArray", "02.SumAnArray\02.SumAnArray.csproj", "{4D6742E6-F273-45F6-987C-435497C694EC}"
EndProject
Project("{9A19103F-16F7-4668-BE54-9A1E7A4F7556}") = "03.ReverseAnArray", "03.ReverseAnArray\03.ReverseAnArray.csproj", "{9E8DFCA0-FA3F-4883-8416-3F16CC31BDDF}"
EndProject
Project("{9A19103F-16F7-4668-BE54-9A1E7A4F7556}") = "04.EvenAndOddSubtraction", "04.EvenAndOddSubtraction\04.EvenAndOddSubtraction.csproj", "{F4DB6403-67F5-4092-B73C-B07F916F158A}"
EndProject
Project("{9A19103F-16F7-4668-BE54-9A1E7A4F7556}") = "05.EqualArrays", "05.EqualArrays\05.EqualArrays.csproj", "{B8024D91-D507-4AC3-B03D-A976A1B841FF}"
EndProject
Project("{9A19103F-16F7-4668-BE54-9A1E7A4F7556}") = "06.CommonElements", "06.CommonElements\06.CommonElements.csproj", "{87BE7470-5143-46D5-BDA5-3DCA19D383F6}"
EndProject
Project("{9A19103F-16F7-4668-BE54-9A1E7A4F7556}") = "11.ChangeList", "11.ChangeList\11.ChangeList.csproj", "{49181D67-EA7A-49FF-9620-47778695D3EF}"
EndProject
Project("{9A19103F-16F7-4668-BE54-9A1E7A4F7556}") = "12.ListOfProducts", "12.ListOfProducts\12.ListOfProducts.csproj", "{F062E9A1-5265-4F25-99EB-62BA18249B1D}"
EndProject
Project("{9A19103F-16F7-4668-BE54-9A1E7A4F7556}") = "13.RemoveNegativesAndReverse", "13.RemoveNegativesAndReverse\13.RemoveNegativesAndReverse.csproj", "{4BF8C41F-2113-4749-A17E-E0CADF61E63B}"
EndProject
Project("{9A19103F-16F7-4668-BE54-9A1E7A4F7556}") = "14.ListManipulationBasics", "14.ListManipulationBasics\14.ListManipulationBasics.csproj", "{6D6955CD-3055-4DD3-9656-EAFAAAF7E37D}"
EndProject
Project("{9A19103F-16F7-4668-BE54-9A1E7A4F7556}") = "15.ListManipulationAdvanced", "15.ListManipulationAdvanced\15.ListManipulationAdvanced.csproj", "{B6E9CDEA-AA04-40FE-A962-66FBBED38B64}"
EndProject
Project("{9A19103F-16F7-4668-BE54-9A1E7A4F7556}") = "21.Gauss'Trick", "21.Gauss'Trick\21.Gauss'Trick.csproj", "{58796C06-03EA-4FB2-BD12-B91347AEE364}"
EndProject
Project("{9A19103F-16F7-4668-BE54-9A1E7A4F7556}") = "22.CondenseArrayToNumber", "22.CondenseArrayToNumber\22.CondenseArrayToNumber.csproj", "{D48BF2F5-1D47-4598-96D0-A74D9A4AD149}"
EndProject
Project("{9A19103F-16F7-4668-BE54-9A1E7A4F7556}") = "23.MergingLists", "23.MergingLists\23.MergingLists.csproj", "{857C09D9-91B7-4033-AA30-7904C55501B5}"
EndProject
Project("{9A19103F-16F7-4668-BE54-9A1E7A4F7556}") = "25.BombNumbers", "25.BombNumbers\25.BombNumbers.csproj", "{9C8B3A17-A8EB-4458-9462-2D900F440906}"
EndProject
Project("{FAE04EC0-301F-11D3-BF4B-00C04F79EFBC}") = "27.ZigZagArrays", "27.ZigZagArrays\27.ZigZagArrays.csproj", "{DF27DA63-9102-49D3-A751-5ACE7CD263D2}"
EndProject
Project("{FAE04EC0-301F-11D3-BF4B-00C04F79EFBC}") = "28.ArrayRotation", "28.ArrayRotation\28.ArrayRotation.csproj", "{E947231D-975B-4F42-B72A-ADCCF8302D49}"
EndProject
Global
	GlobalSection(SolutionConfigurationPlatforms) = preSolution
		Debug|Any CPU = Debug|Any CPU
		Release|Any CPU = Release|Any CPU
	EndGlobalSection
	GlobalSection(ProjectConfigurationPlatforms) = postSolution
		{A8F21999-CDC1-4119-BFB6-B2F1C495A8B6}.Debug|Any CPU.ActiveCfg = Debug|Any CPU
		{A8F21999-CDC1-4119-BFB6-B2F1C495A8B6}.Debug|Any CPU.Build.0 = Debug|Any CPU
		{A8F21999-CDC1-4119-BFB6-B2F1C495A8B6}.Release|Any CPU.ActiveCfg = Release|Any CPU
		{A8F21999-CDC1-4119-BFB6-B2F1C495A8B6}.Release|Any CPU.Build.0 = Release|Any CPU
		{4D6742E6-F273-45F6-987C-435497C694EC}.Debug|Any CPU.ActiveCfg = Debug|Any CPU
		{4D6742E6-F273-45F6-987C-435497C694EC}.Debug|Any CPU.Build.0 = Debug|Any CPU
		{4D6742E6-F273-45F6-987C-435497C694EC}.Release|Any CPU.ActiveCfg = Release|Any CPU
		{4D6742E6-F273-45F6-987C-435497C694EC}.Release|Any CPU.Build.0 = Release|Any CPU
		{9E8DFCA0-FA3F-4883-8416-3F16CC31BDDF}.Debug|Any CPU.ActiveCfg = Debug|Any CPU
		{9E8DFCA0-FA3F-4883-8416-3F16CC31BDDF}.Debug|Any CPU.Build.0 = Debug|Any CPU
		{9E8DFCA0-FA3F-4883-8416-3F16CC31BDDF}.Release|Any CPU.ActiveCfg = Release|Any CPU
		{9E8DFCA0-FA3F-4883-8416-3F16CC31BDDF}.Release|Any CPU.Build.0 = Release|Any CPU
		{F4DB6403-67F5-4092-B73C-B07F916F158A}.Debug|Any CPU.ActiveCfg = Debug|Any CPU
		{F4DB6403-67F5-4092-B73C-B07F916F158A}.Debug|Any CPU.Build.0 = Debug|Any CPU
		{F4DB6403-67F5-4092-B73C-B07F916F158A}.Release|Any CPU.ActiveCfg = Release|Any CPU
		{F4DB6403-67F5-4092-B73C-B07F916F158A}.Release|Any CPU.Build.0 = Release|Any CPU
		{B8024D91-D507-4AC3-B03D-A976A1B841FF}.Debug|Any CPU.ActiveCfg = Debug|Any CPU
		{B8024D91-D507-4AC3-B03D-A976A1B841FF}.Debug|Any CPU.Build.0 = Debug|Any CPU
		{B8024D91-D507-4AC3-B03D-A976A1B841FF}.Release|Any CPU.ActiveCfg = Release|Any CPU
		{B8024D91-D507-4AC3-B03D-A976A1B841FF}.Release|Any CPU.Build.0 = Release|Any CPU
		{87BE7470-5143-46D5-BDA5-3DCA19D383F6}.Debug|Any CPU.ActiveCfg = Debug|Any CPU
		{87BE7470-5143-46D5-BDA5-3DCA19D383F6}.Debug|Any CPU.Build.0 = Debug|Any CPU
		{87BE7470-5143-46D5-BDA5-3DCA19D383F6}.Release|Any CPU.ActiveCfg = Release|Any CPU
		{87BE7470-5143-46D5-BDA5-3DCA19D383F6}.Release|Any CPU.Build.0 = Release|Any CPU
		{49181D67-EA7A-49FF-9620-47778695D3EF}.Debug|Any CPU.ActiveCfg = Debug|Any CPU
		{49181D67-EA7A-49FF-9620-47778695D3EF}.Debug|Any CPU.Build.0 = Debug|Any CPU
		{49181D67-EA7A-49FF-9620-47778695D3EF}.Release|Any CPU.ActiveCfg = Release|Any CPU
		{49181D67-EA7A-49FF-9620-47778695D3EF}.Release|Any CPU.Build.0 = Release|Any CPU
		{F062E9A1-5265-4F25-99EB-62BA18249B1D}.Debug|Any CPU.ActiveCfg = Debug|Any CPU
		{F062E9A1-5265-4F25-99EB-62BA18249B1D}.Debug|Any CPU.Build.0 = Debug|Any CPU
		{F062E9A1-5265-4F25-99EB-62BA18249B1D}.Release|Any CPU.ActiveCfg = Release|Any CPU
		{F062E9A1-5265-4F25-99EB-62BA18249B1D}.Release|Any CPU.Build.0 = Release|Any CPU
		{4BF8C41F-2113-4749-A17E-E0CADF61E63B}.Debug|Any CPU.ActiveCfg = Debug|Any CPU
		{4BF8C41F-2113-4749-A17E-E0CADF61E63B}.Debug|Any CPU.Build.0 = Debug|Any CPU
		{4BF8C41F-2113-4749-A17E-E0CADF61E63B}.Release|Any CPU.ActiveCfg = Release|Any CPU
		{4BF8C41F-2113-4749-A17E-E0CADF61E63B}.Release|Any CPU.Build.0 = Release|Any CPU
		{6D6955CD-3055-4DD3-9656-EAFAAAF7E37D}.Debug|Any CPU.ActiveCfg = Debug|Any CPU
		{6D6955CD-3055-4DD3-9656-EAFAAAF7E37D}.Debug|Any CPU.Build.0 = Debug|Any CPU
		{6D6955CD-3055-4DD3-9656-EAFAAAF7E37D}.Release|Any CPU.ActiveCfg = Release|Any CPU
		{6D6955CD-3055-4DD3-9656-EAFAAAF7E37D}.Release|Any CPU.Build.0 = Release|Any CPU
		{B6E9CDEA-AA04-40FE-A962-66FBBED38B64}.Debug|Any CPU.ActiveCfg = Debug|Any CPU
		{B6E9CDEA-AA04-40FE-A962-66FBBED38B64}.Debug|Any CPU.Build.0 = Debug|Any CPU
		{B6E9CDEA-AA04-40FE-A962-66FBBED38B64}.Release|Any CPU.ActiveCfg = Release|Any CPU
		{B6E9CDEA-AA04-40FE-A962-66FBBED38B64}.Release|Any CPU.Build.0 = Release|Any CPU
		{58796C06-03EA-4FB2-BD12-B91347AEE364}.Debug|Any CPU.ActiveCfg = Debug|Any CPU
		{58796C06-03EA-4FB2-BD12-B91347AEE364}.Debug|Any CPU.Build.0 = Debug|Any CPU
		{58796C06-03EA-4FB2-BD12-B91347AEE364}.Release|Any CPU.ActiveCfg = Release|Any CPU
		{58796C06-03EA-4FB2-BD12-B91347AEE364}.Release|Any CPU.Build.0 = Release|Any CPU
		{D48BF2F5-1D47-4598-96D0-A74D9A4AD149}.Debug|Any CPU.ActiveCfg = Debug|Any CPU
		{D48BF2F5-1D47-4598-96D0-A74D9A4AD149}.Debug|Any CPU.Build.0 = Debug|Any CPU
		{D48BF2F5-1D47-4598-96D0-A74D9A4AD149}.Release|Any CPU.ActiveCfg = Release|Any CPU
		{D48BF2F5-1D47-4598-96D0-A74D9A4AD149}.Release|Any CPU.Build.0 = Release|Any CPU
		{857C09D9-91B7-4033-AA30-7904C55501B5}.Debug|Any CPU.ActiveCfg = Debug|Any CPU
		{857C09D9-91B7-4033-AA30-7904C55501B5}.Debug|Any CPU.Build.0 = Debug|Any CPU
		{857C09D9-91B7-4033-AA30-7904C55501B5}.Release|Any CPU.ActiveCfg = Release|Any CPU
		{857C09D9-91B7-4033-AA30-7904C55501B5}.Release|Any CPU.Build.0 = Release|Any CPU
		{9C8B3A17-A8EB-4458-9462-2D900F440906}.Debug|Any CPU.ActiveCfg = Debug|Any CPU
		{9C8B3A17-A8EB-4458-9462-2D900F440906}.Debug|Any CPU.Build.0 = Debug|Any CPU
		{9C8B3A17-A8EB-4458-9462-2D900F440906}.Release|Any CPU.ActiveCfg = Release|Any CPU
		{9C8B3A17-A8EB-4458-9462-2D900F440906}.Release|Any CPU.Build.0 = Release|Any CPU
		{DF27DA63-9102-49D3-A751-5ACE7CD263D2}.Debug|Any CPU.ActiveCfg = Debug|Any CPU
		{DF27DA63-9102-49D3-A751-5ACE7CD263D2}.Debug|Any CPU.Build.0 = Debug|Any CPU
		{DF27DA63-9102-49D3-A751-5ACE7CD263D2}.Release|Any CPU.ActiveCfg = Release|Any CPU
		{DF27DA63-9102-49D3-A751-5ACE7CD263D2}.Release|Any CPU.Build.0 = Release|Any CPU
		{E947231D-975B-4F42-B72A-ADCCF8302D49}.Debug|Any CPU.ActiveCfg = Debug|Any CPU
		{E947231D-975B-4F42-B72A-ADCCF8302D49}.Debug|Any CPU.Build.0 = Debug|Any CPU
		{E947231D-975B-4F42-B72A-ADCCF8302D49}.Release|Any CPU.ActiveCfg = Release|Any CPU
		{E947231D-975B-4F42-B72A-ADCCF8302D49}.Release|Any CPU.Build.0 = Release|Any CPU
	EndGlobalSection
	GlobalSection(SolutionProperties) = preSolution
		HideSolutionNode = FALSE
	EndGlobalSection
	GlobalSection(ExtensibilityGlobals) = postSolution
		SolutionGuid = {C04A57F5-1CE5-48CA-A263-FEC349611396}
	EndGlobalSection
EndGlobal
